// !$*UTF8*$!
{
	archiveVersion = 1;
	classes = {
	};
	objectVersion = 55;
	objects = {

/* Begin PBXBuildFile section */
		E509F078275013C80060C2F2 /* AppDelegate.swift in Sources */ = {isa = PBXBuildFile; fileRef = E509F077275013C80060C2F2 /* AppDelegate.swift */; };
		E509F07A275013C80060C2F2 /* SceneDelegate.swift in Sources */ = {isa = PBXBuildFile; fileRef = E509F079275013C80060C2F2 /* SceneDelegate.swift */; };
		E509F07C275013C80060C2F2 /* LoginViewController.swift in Sources */ = {isa = PBXBuildFile; fileRef = E509F07B275013C80060C2F2 /* LoginViewController.swift */; };
		E509F07F275013C80060C2F2 /* Main.storyboard in Resources */ = {isa = PBXBuildFile; fileRef = E509F07D275013C80060C2F2 /* Main.storyboard */; };
		E509F081275013CB0060C2F2 /* Assets.xcassets in Resources */ = {isa = PBXBuildFile; fileRef = E509F080275013CB0060C2F2 /* Assets.xcassets */; };
		E509F084275013CB0060C2F2 /* LaunchScreen.storyboard in Resources */ = {isa = PBXBuildFile; fileRef = E509F082275013CB0060C2F2 /* LaunchScreen.storyboard */; };
		E509F08F275018720060C2F2 /* HomeViewController.swift in Sources */ = {isa = PBXBuildFile; fileRef = E509F08E275018720060C2F2 /* HomeViewController.swift */; };
		E509F09127501EDF0060C2F2 /* TabBarController.swift in Sources */ = {isa = PBXBuildFile; fileRef = E509F09027501EDF0060C2F2 /* TabBarController.swift */; };
		E509F09327501F110060C2F2 /* SearchViewController.swift in Sources */ = {isa = PBXBuildFile; fileRef = E509F09227501F110060C2F2 /* SearchViewController.swift */; };
		E509F09527501F1B0060C2F2 /* FilterViewController.swift in Sources */ = {isa = PBXBuildFile; fileRef = E509F09427501F1B0060C2F2 /* FilterViewController.swift */; };
		E509F09727501F590060C2F2 /* CartViewController.swift in Sources */ = {isa = PBXBuildFile; fileRef = E509F09627501F590060C2F2 /* CartViewController.swift */; };
/* End PBXBuildFile section */

/* Begin PBXFileReference section */
		E509F074275013C80060C2F2 /* inf2125-e-pet.app */ = {isa = PBXFileReference; explicitFileType = wrapper.application; includeInIndex = 0; path = "inf2125-e-pet.app"; sourceTree = BUILT_PRODUCTS_DIR; };
		E509F077275013C80060C2F2 /* AppDelegate.swift */ = {isa = PBXFileReference; lastKnownFileType = sourcecode.swift; path = AppDelegate.swift; sourceTree = "<group>"; };
		E509F079275013C80060C2F2 /* SceneDelegate.swift */ = {isa = PBXFileReference; lastKnownFileType = sourcecode.swift; path = SceneDelegate.swift; sourceTree = "<group>"; };
		E509F07B275013C80060C2F2 /* LoginViewController.swift */ = {isa = PBXFileReference; lastKnownFileType = sourcecode.swift; path = LoginViewController.swift; sourceTree = "<group>"; };
		E509F07E275013C80060C2F2 /* Base */ = {isa = PBXFileReference; lastKnownFileType = file.storyboard; name = Base; path = Base.lproj/Main.storyboard; sourceTree = "<group>"; };
		E509F080275013CB0060C2F2 /* Assets.xcassets */ = {isa = PBXFileReference; lastKnownFileType = folder.assetcatalog; path = Assets.xcassets; sourceTree = "<group>"; };
		E509F083275013CB0060C2F2 /* Base */ = {isa = PBXFileReference; lastKnownFileType = file.storyboard; name = Base; path = Base.lproj/LaunchScreen.storyboard; sourceTree = "<group>"; };
		E509F085275013CB0060C2F2 /* Info.plist */ = {isa = PBXFileReference; lastKnownFileType = text.plist.xml; path = Info.plist; sourceTree = "<group>"; };
		E509F08E275018720060C2F2 /* HomeViewController.swift */ = {isa = PBXFileReference; lastKnownFileType = sourcecode.swift; path = HomeViewController.swift; sourceTree = "<group>"; };
		E509F09027501EDF0060C2F2 /* TabBarController.swift */ = {isa = PBXFileReference; lastKnownFileType = sourcecode.swift; path = TabBarController.swift; sourceTree = "<group>"; };
		E509F09227501F110060C2F2 /* SearchViewController.swift */ = {isa = PBXFileReference; lastKnownFileType = sourcecode.swift; path = SearchViewController.swift; sourceTree = "<group>"; };
		E509F09427501F1B0060C2F2 /* FilterViewController.swift */ = {isa = PBXFileReference; lastKnownFileType = sourcecode.swift; path = FilterViewController.swift; sourceTree = "<group>"; };
		E509F09627501F590060C2F2 /* CartViewController.swift */ = {isa = PBXFileReference; lastKnownFileType = sourcecode.swift; path = CartViewController.swift; sourceTree = "<group>"; };
/* End PBXFileReference section */

/* Begin PBXFrameworksBuildPhase section */
		E509F071275013C80060C2F2 /* Frameworks */ = {
			isa = PBXFrameworksBuildPhase;
			buildActionMask = 2147483647;
			files = (
			);
			runOnlyForDeploymentPostprocessing = 0;
		};
/* End PBXFrameworksBuildPhase section */

/* Begin PBXGroup section */
		E509F06B275013C80060C2F2 = {
			isa = PBXGroup;
			children = (
				E509F076275013C80060C2F2 /* inf2125-e-pet */,
				E509F075275013C80060C2F2 /* Products */,
			);
			sourceTree = "<group>";
		};
		E509F075275013C80060C2F2 /* Products */ = {
			isa = PBXGroup;
			children = (
				E509F074275013C80060C2F2 /* inf2125-e-pet.app */,
			);
			name = Products;
			sourceTree = "<group>";
		};
		E509F076275013C80060C2F2 /* inf2125-e-pet */ = {
			isa = PBXGroup;
			children = (
				E509F08B275015440060C2F2 /* controllers */,
				E509F077275013C80060C2F2 /* AppDelegate.swift */,
				E509F079275013C80060C2F2 /* SceneDelegate.swift */,
				E509F07D275013C80060C2F2 /* Main.storyboard */,
				E509F080275013CB0060C2F2 /* Assets.xcassets */,
				E509F082275013CB0060C2F2 /* LaunchScreen.storyboard */,
				E509F085275013CB0060C2F2 /* Info.plist */,
			);
			path = "inf2125-e-pet";
			sourceTree = "<group>";
		};
		E509F08B275015440060C2F2 /* controllers */ = {
			isa = PBXGroup;
			children = (
				E509F07B275013C80060C2F2 /* LoginViewController.swift */,
				E509F08E275018720060C2F2 /* HomeViewController.swift */,
				E509F09027501EDF0060C2F2 /* TabBarController.swift */,
				E509F09227501F110060C2F2 /* SearchViewController.swift */,
				E509F09427501F1B0060C2F2 /* FilterViewController.swift */,
				E509F09627501F590060C2F2 /* CartViewController.swift */,
			);
			path = controllers;
			sourceTree = "<group>";
		};
/* End PBXGroup section */

/* Begin PBXNativeTarget section */
		E509F073275013C80060C2F2 /* inf2125-e-pet */ = {
			isa = PBXNativeTarget;
			buildConfigurationList = E509F088275013CB0060C2F2 /* Build configuration list for PBXNativeTarget "inf2125-e-pet" */;
			buildPhases = (
				E509F070275013C80060C2F2 /* Sources */,
				E509F071275013C80060C2F2 /* Frameworks */,
				E509F072275013C80060C2F2 /* Resources */,
			);
			buildRules = (
			);
			dependencies = (
			);
			name = "inf2125-e-pet";
			productName = "inf2125-e-pet";
			productReference = E509F074275013C80060C2F2 /* inf2125-e-pet.app */;
			productType = "com.apple.product-type.application";
		};
/* End PBXNativeTarget section */

/* Begin PBXProject section */
		E509F06C275013C80060C2F2 /* Project object */ = {
			isa = PBXProject;
			attributes = {
				BuildIndependentTargetsInParallel = 1;
				LastSwiftUpdateCheck = 1310;
				LastUpgradeCheck = 1310;
				TargetAttributes = {
					E509F073275013C80060C2F2 = {
						CreatedOnToolsVersion = 13.1;
					};
				};
			};
			buildConfigurationList = E509F06F275013C80060C2F2 /* Build configuration list for PBXProject "inf2125-e-pet" */;
			compatibilityVersion = "Xcode 13.0";
			developmentRegion = en;
			hasScannedForEncodings = 0;
			knownRegions = (
				en,
				Base,
			);
			mainGroup = E509F06B275013C80060C2F2;
			productRefGroup = E509F075275013C80060C2F2 /* Products */;
			projectDirPath = "";
			projectRoot = "";
			targets = (
				E509F073275013C80060C2F2 /* inf2125-e-pet */,
			);
		};
/* End PBXProject section */

/* Begin PBXResourcesBuildPhase section */
		E509F072275013C80060C2F2 /* Resources */ = {
			isa = PBXResourcesBuildPhase;
			buildActionMask = 2147483647;
			files = (
				E509F084275013CB0060C2F2 /* LaunchScreen.storyboard in Resources */,
				E509F081275013CB0060C2F2 /* Assets.xcassets in Resources */,
				E509F07F275013C80060C2F2 /* Main.storyboard in Resources */,
			);
			runOnlyForDeploymentPostprocessing = 0;
		};
/* End PBXResourcesBuildPhase section */

/* Begin PBXSourcesBuildPhase section */
		E509F070275013C80060C2F2 /* Sources */ = {
			isa = PBXSourcesBuildPhase;
			buildActionMask = 2147483647;
			files = (
				E509F09527501F1B0060C2F2 /* FilterViewController.swift in Sources */,
				E509F09327501F110060C2F2 /* SearchViewController.swift in Sources */,
				E509F08F275018720060C2F2 /* HomeViewController.swift in Sources */,
				E509F07C275013C80060C2F2 /* LoginViewController.swift in Sources */,
				E509F09727501F590060C2F2 /* CartViewController.swift in Sources */,
				E509F078275013C80060C2F2 /* AppDelegate.swift in Sources */,
				E509F09127501EDF0060C2F2 /* TabBarController.swift in Sources */,
				E509F07A275013C80060C2F2 /* SceneDelegate.swift in Sources */,
			);
			runOnlyForDeploymentPostprocessing = 0;
		};
/* End PBXSourcesBuildPhase section */

/* Begin PBXVariantGroup section */
		E509F07D275013C80060C2F2 /* Main.storyboard */ = {
			isa = PBXVariantGroup;
			children = (
				E509F07E275013C80060C2F2 /* Base */,
			);
			name = Main.storyboard;
			sourceTree = "<group>";
		};
		E509F082275013CB0060C2F2 /* LaunchScreen.storyboard */ = {
			isa = PBXVariantGroup;
			children = (
				E509F083275013CB0060C2F2 /* Base */,
			);
			name = LaunchScreen.storyboard;
			sourceTree = "<group>";
		};
/* End PBXVariantGroup section */

/* Begin XCBuildConfiguration section */
		E509F086275013CB0060C2F2 /* Debug */ = {
			isa = XCBuildConfiguration;
			buildSettings = {
				ALWAYS_SEARCH_USER_PATHS = NO;
				CLANG_ANALYZER_NONNULL = YES;
				CLANG_ANALYZER_NUMBER_OBJECT_CONVERSION = YES_AGGRESSIVE;
				CLANG_CXX_LANGUAGE_STANDARD = "gnu++17";
				CLANG_CXX_LIBRARY = "libc++";
				CLANG_ENABLE_MODULES = YES;
				CLANG_ENABLE_OBJC_ARC = YES;
				CLANG_ENABLE_OBJC_WEAK = YES;
				CLANG_WARN_BLOCK_CAPTURE_AUTORELEASING = YES;
				CLANG_WARN_BOOL_CONVERSION = YES;
				CLANG_WARN_COMMA = YES;
				CLANG_WARN_CONSTANT_CONVERSION = YES;
				CLANG_WARN_DEPRECATED_OBJC_IMPLEMENTATIONS = YES;
				CLANG_WARN_DIRECT_OBJC_ISA_USAGE = YES_ERROR;
				CLANG_WARN_DOCUMENTATION_COMMENTS = YES;
				CLANG_WARN_EMPTY_BODY = YES;
				CLANG_WARN_ENUM_CONVERSION = YES;
				CLANG_WARN_INFINITE_RECURSION = YES;
				CLANG_WARN_INT_CONVERSION = YES;
				CLANG_WARN_NON_LITERAL_NULL_CONVERSION = YES;
				CLANG_WARN_OBJC_IMPLICIT_RETAIN_SELF = YES;
				CLANG_WARN_OBJC_LITERAL_CONVERSION = YES;
				CLANG_WARN_OBJC_ROOT_CLASS = YES_ERROR;
				CLANG_WARN_QUOTED_INCLUDE_IN_FRAMEWORK_HEADER = YES;
				CLANG_WARN_RANGE_LOOP_ANALYSIS = YES;
				CLANG_WARN_STRICT_PROTOTYPES = YES;
				CLANG_WARN_SUSPICIOUS_MOVE = YES;
				CLANG_WARN_UNGUARDED_AVAILABILITY = YES_AGGRESSIVE;
				CLANG_WARN_UNREACHABLE_CODE = YES;
				CLANG_WARN__DUPLICATE_METHOD_MATCH = YES;
				COPY_PHASE_STRIP = NO;
				DEBUG_INFORMATION_FORMAT = dwarf;
				ENABLE_STRICT_OBJC_MSGSEND = YES;
				ENABLE_TESTABILITY = YES;
				GCC_C_LANGUAGE_STANDARD = gnu11;
				GCC_DYNAMIC_NO_PIC = NO;
				GCC_NO_COMMON_BLOCKS = YES;
				GCC_OPTIMIZATION_LEVEL = 0;
				GCC_PREPROCESSOR_DEFINITIONS = (
					"DEBUG=1",
					"$(inherited)",
				);
				GCC_WARN_64_TO_32_BIT_CONVERSION = YES;
				GCC_WARN_ABOUT_RETURN_TYPE = YES_ERROR;
				GCC_WARN_UNDECLARED_SELECTOR = YES;
				GCC_WARN_UNINITIALIZED_AUTOS = YES_AGGRESSIVE;
				GCC_WARN_UNUSED_FUNCTION = YES;
				GCC_WARN_UNUSED_VARIABLE = YES;
				IPHONEOS_DEPLOYMENT_TARGET = 15.0;
				MTL_ENABLE_DEBUG_INFO = INCLUDE_SOURCE;
				MTL_FAST_MATH = YES;
				ONLY_ACTIVE_ARCH = YES;
				SDKROOT = iphoneos;
				SWIFT_ACTIVE_COMPILATION_CONDITIONS = DEBUG;
				SWIFT_OPTIMIZATION_LEVEL = "-Onone";
			};
			name = Debug;
		};
		E509F087275013CB0060C2F2 /* Release */ = {
			isa = XCBuildConfiguration;
			buildSettings = {
				ALWAYS_SEARCH_USER_PATHS = NO;
				CLANG_ANALYZER_NONNULL = YES;
				CLANG_ANALYZER_NUMBER_OBJECT_CONVERSION = YES_AGGRESSIVE;
				CLANG_CXX_LANGUAGE_STANDARD = "gnu++17";
				CLANG_CXX_LIBRARY = "libc++";
				CLANG_ENABLE_MODULES = YES;
				CLANG_ENABLE_OBJC_ARC = YES;
				CLANG_ENABLE_OBJC_WEAK = YES;
				CLANG_WARN_BLOCK_CAPTURE_AUTORELEASING = YES;
				CLANG_WARN_BOOL_CONVERSION = YES;
				CLANG_WARN_COMMA = YES;
				CLANG_WARN_CONSTANT_CONVERSION = YES;
				CLANG_WARN_DEPRECATED_OBJC_IMPLEMENTATIONS = YES;
				CLANG_WARN_DIRECT_OBJC_ISA_USAGE = YES_ERROR;
				CLANG_WARN_DOCUMENTATION_COMMENTS = YES;
				CLANG_WARN_EMPTY_BODY = YES;
				CLANG_WARN_ENUM_CONVERSION = YES;
				CLANG_WARN_INFINITE_RECURSION = YES;
				CLANG_WARN_INT_CONVERSION = YES;
				CLANG_WARN_NON_LITERAL_NULL_CONVERSION = YES;
				CLANG_WARN_OBJC_IMPLICIT_RETAIN_SELF = YES;
				CLANG_WARN_OBJC_LITERAL_CONVERSION = YES;
				CLANG_WARN_OBJC_ROOT_CLASS = YES_ERROR;
				CLANG_WARN_QUOTED_INCLUDE_IN_FRAMEWORK_HEADER = YES;
				CLANG_WARN_RANGE_LOOP_ANALYSIS = YES;
				CLANG_WARN_STRICT_PROTOTYPES = YES;
				CLANG_WARN_SUSPICIOUS_MOVE = YES;
				CLANG_WARN_UNGUARDED_AVAILABILITY = YES_AGGRESSIVE;
				CLANG_WARN_UNREACHABLE_CODE = YES;
				CLANG_WARN__DUPLICATE_METHOD_MATCH = YES;
				COPY_PHASE_STRIP = NO;
				DEBUG_INFORMATION_FORMAT = "dwarf-with-dsym";
				ENABLE_NS_ASSERTIONS = NO;
				ENABLE_STRICT_OBJC_MSGSEND = YES;
				GCC_C_LANGUAGE_STANDARD = gnu11;
				GCC_NO_COMMON_BLOCKS = YES;
				GCC_WARN_64_TO_32_BIT_CONVERSION = YES;
				GCC_WARN_ABOUT_RETURN_TYPE = YES_ERROR;
				GCC_WARN_UNDECLARED_SELECTOR = YES;
				GCC_WARN_UNINITIALIZED_AUTOS = YES_AGGRESSIVE;
				GCC_WARN_UNUSED_FUNCTION = YES;
				GCC_WARN_UNUSED_VARIABLE = YES;
				IPHONEOS_DEPLOYMENT_TARGET = 15.0;
				MTL_ENABLE_DEBUG_INFO = NO;
				MTL_FAST_MATH = YES;
				SDKROOT = iphoneos;
				SWIFT_COMPILATION_MODE = wholemodule;
				SWIFT_OPTIMIZATION_LEVEL = "-O";
				VALIDATE_PRODUCT = YES;
			};
			name = Release;
		};
		E509F089275013CB0060C2F2 /* Debug */ = {
			isa = XCBuildConfiguration;
			buildSettings = {
				ASSETCATALOG_COMPILER_APPICON_NAME = AppIcon;
				ASSETCATALOG_COMPILER_GLOBAL_ACCENT_COLOR_NAME = AccentColor;
				CODE_SIGN_STYLE = Automatic;
				CURRENT_PROJECT_VERSION = 1;
				GENERATE_INFOPLIST_FILE = YES;
				INFOPLIST_FILE = "inf2125-e-pet/Info.plist";
				INFOPLIST_KEY_UIApplicationSupportsIndirectInputEvents = YES;
				INFOPLIST_KEY_UILaunchStoryboardName = LaunchScreen;
				INFOPLIST_KEY_UIMainStoryboardFile = Main;
				INFOPLIST_KEY_UISupportedInterfaceOrientations_iPad = "UIInterfaceOrientationPortrait UIInterfaceOrientationPortraitUpsideDown UIInterfaceOrientationLandscapeLeft UIInterfaceOrientationLandscapeRight";
				INFOPLIST_KEY_UISupportedInterfaceOrientations_iPhone = "UIInterfaceOrientationPortrait UIInterfaceOrientationLandscapeLeft UIInterfaceOrientationLandscapeRight";
				LD_RUNPATH_SEARCH_PATHS = (
					"$(inherited)",
					"@executable_path/Frameworks",
				);
				MARKETING_VERSION = 1.0;
				PRODUCT_BUNDLE_IDENTIFIER = "puc-es.inf2125-e-pet";
				PRODUCT_NAME = "$(TARGET_NAME)";
				SWIFT_EMIT_LOC_STRINGS = YES;
				SWIFT_VERSION = 5.0;
				TARGETED_DEVICE_FAMILY = "1,2";
			};
			name = Debug;
		};
		E509F08A275013CB0060C2F2 /* Release */ = {
			isa = XCBuildConfiguration;
			buildSettings = {
				ASSETCATALOG_COMPILER_APPICON_NAME = AppIcon;
				ASSETCATALOG_COMPILER_GLOBAL_ACCENT_COLOR_NAME = AccentColor;
				CODE_SIGN_STYLE = Automatic;
				CURRENT_PROJECT_VERSION = 1;
				GENERATE_INFOPLIST_FILE = YES;
				INFOPLIST_FILE = "inf2125-e-pet/Info.plist";
				INFOPLIST_KEY_UIApplicationSupportsIndirectInputEvents = YES;
				INFOPLIST_KEY_UILaunchStoryboardName = LaunchScreen;
				INFOPLIST_KEY_UIMainStoryboardFile = Main;
				INFOPLIST_KEY_UISupportedInterfaceOrientations_iPad = "UIInterfaceOrientationPortrait UIInterfaceOrientationPortraitUpsideDown UIInterfaceOrientationLandscapeLeft UIInterfaceOrientationLandscapeRight";
				INFOPLIST_KEY_UISupportedInterfaceOrientations_iPhone = "UIInterfaceOrientationPortrait UIInterfaceOrientationLandscapeLeft UIInterfaceOrientationLandscapeRight";
				LD_RUNPATH_SEARCH_PATHS = (
					"$(inherited)",
					"@executable_path/Frameworks",
				);
				MARKETING_VERSION = 1.0;
				PRODUCT_BUNDLE_IDENTIFIER = "puc-es.inf2125-e-pet";
				PRODUCT_NAME = "$(TARGET_NAME)";
				SWIFT_EMIT_LOC_STRINGS = YES;
				SWIFT_VERSION = 5.0;
				TARGETED_DEVICE_FAMILY = "1,2";
			};
			name = Release;
		};
/* End XCBuildConfiguration section */

/* Begin XCConfigurationList section */
		E509F06F275013C80060C2F2 /* Build configuration list for PBXProject "inf2125-e-pet" */ = {
			isa = XCConfigurationList;
			buildConfigurations = (
				E509F086275013CB0060C2F2 /* Debug */,
				E509F087275013CB0060C2F2 /* Release */,
			);
			defaultConfigurationIsVisible = 0;
			defaultConfigurationName = Release;
		};
		E509F088275013CB0060C2F2 /* Build configuration list for PBXNativeTarget "inf2125-e-pet" */ = {
			isa = XCConfigurationList;
			buildConfigurations = (
				E509F089275013CB0060C2F2 /* Debug */,
				E509F08A275013CB0060C2F2 /* Release */,
			);
			defaultConfigurationIsVisible = 0;
			defaultConfigurationName = Release;
		};
/* End XCConfigurationList section */
	};
	rootObject = E509F06C275013C80060C2F2 /* Project object */;
}
